
Microsoft Visual Studio Solution File, Format Version 12.00
# Visual Studio Version 17
VisualStudioVersion = 17.14.36202.13 d17.14
MinimumVisualStudioVersion = 10.0.40219.1
Project("{FAE04EC0-301F-11D3-BF4B-00C04F79EFBC}") = "CasinoWallet", "CasinoWallet\CasinoWallet.csproj", "{A0D037A0-8134-4BFC-8FEB-1479DFD6F230}"
EndProject
Project("{FAE04EC0-301F-11D3-BF4B-00C04F79EFBC}") = "CasinoWallet.Tests", "..\CasinoWallet.Tests\CasinoWallet.Tests\CasinoWallet.Tests.csproj", "{A7524098-BCF4-47B0-9B5E-489364AE04B1}"
EndProject
Global
	GlobalSection(SolutionConfigurationPlatforms) = preSolution
		Debug|Any CPU = Debug|Any CPU
		Release|Any CPU = Release|Any CPU
	EndGlobalSection
	GlobalSection(ProjectConfigurationPlatforms) = postSolution
		{A0D037A0-8134-4BFC-8FEB-1479DFD6F230}.Debug|Any CPU.ActiveCfg = Debug|Any CPU
		{A0D037A0-8134-4BFC-8FEB-1479DFD6F230}.Debug|Any CPU.Build.0 = Debug|Any CPU
		{A0D037A0-8134-4BFC-8FEB-1479DFD6F230}.Release|Any CPU.ActiveCfg = Release|Any CPU
		{A0D037A0-8134-4BFC-8FEB-1479DFD6F230}.Release|Any CPU.Build.0 = Release|Any CPU
		{A7524098-BCF4-47B0-9B5E-489364AE04B1}.Debug|Any CPU.ActiveCfg = Debug|Any CPU
		{A7524098-BCF4-47B0-9B5E-489364AE04B1}.Debug|Any CPU.Build.0 = Debug|Any CPU
		{A7524098-BCF4-47B0-9B5E-489364AE04B1}.Release|Any CPU.ActiveCfg = Release|Any CPU
		{A7524098-BCF4-47B0-9B5E-489364AE04B1}.Release|Any CPU.Build.0 = Release|Any CPU
	EndGlobalSection
	GlobalSection(SolutionProperties) = preSolution
		HideSolutionNode = FALSE
	EndGlobalSection
	GlobalSection(ExtensibilityGlobals) = postSolution
		SolutionGuid = {E724234A-E474-4179-BAEB-F1C85B9BE505}
	EndGlobalSection
EndGlobal
